// !$*UTF8*$!
{
	archiveVersion = 1;
	classes = {
	};
	objectVersion = 50;
	objects = {

/* Begin PBXBuildFile section */
		222B2A912450AA2C00E1A12D /* TOAppDelegate.m in Sources */ = {isa = PBXBuildFile; fileRef = 222B2A902450AA2C00E1A12D /* TOAppDelegate.m */; };
		222B2A972450AA2C00E1A12D /* TOViewController.m in Sources */ = {isa = PBXBuildFile; fileRef = 222B2A962450AA2C00E1A12D /* TOViewController.m */; };
		222B2A9C2450AA2D00E1A12D /* Assets.xcassets in Resources */ = {isa = PBXBuildFile; fileRef = 222B2A9B2450AA2D00E1A12D /* Assets.xcassets */; };
		222B2A9F2450AA2D00E1A12D /* LaunchScreen.storyboard in Resources */ = {isa = PBXBuildFile; fileRef = 222B2A9D2450AA2D00E1A12D /* LaunchScreen.storyboard */; };
		222B2AA22450AA2D00E1A12D /* main.m in Sources */ = {isa = PBXBuildFile; fileRef = 222B2AA12450AA2D00E1A12D /* main.m */; };
		223D358F2450B0B20059E498 /* TOCollectionViewCell.m in Sources */ = {isa = PBXBuildFile; fileRef = 223D358D2450B0B20059E498 /* TOCollectionViewCell.m */; };
		223D35902450B0B20059E498 /* TOCollectionViewCell.xib in Resources */ = {isa = PBXBuildFile; fileRef = 223D358E2450B0B20059E498 /* TOCollectionViewCell.xib */; };
		223D35942451E4890059E498 /* UIColor+LegacySemanticColors.m in Sources */ = {isa = PBXBuildFile; fileRef = 223D35932451E4890059E498 /* UIColor+LegacySemanticColors.m */; };
		223D35982451FE070059E498 /* TOCollectionHeaderView.m in Sources */ = {isa = PBXBuildFile; fileRef = 223D35962451FE070059E498 /* TOCollectionHeaderView.m */; };
		223D35992451FE070059E498 /* TOCollectionHeaderView.xib in Resources */ = {isa = PBXBuildFile; fileRef = 223D35972451FE070059E498 /* TOCollectionHeaderView.xib */; };
		22509EE32452053600989363 /* Colors.plist in Resources */ = {isa = PBXBuildFile; fileRef = 22509EE22452053600989363 /* Colors.plist */; };
/* End PBXBuildFile section */

/* Begin PBXFileReference section */
		222B2A8C2450AA2C00E1A12D /* LegacySemanticColors.app */ = {isa = PBXFileReference; explicitFileType = wrapper.application; includeInIndex = 0; path = LegacySemanticColors.app; sourceTree = BUILT_PRODUCTS_DIR; };
		222B2A8F2450AA2C00E1A12D /* TOAppDelegate.h */ = {isa = PBXFileReference; lastKnownFileType = sourcecode.c.h; path = TOAppDelegate.h; sourceTree = "<group>"; };
		222B2A902450AA2C00E1A12D /* TOAppDelegate.m */ = {isa = PBXFileReference; lastKnownFileType = sourcecode.c.objc; path = TOAppDelegate.m; sourceTree = "<group>"; };
		222B2A952450AA2C00E1A12D /* TOViewController.h */ = {isa = PBXFileReference; lastKnownFileType = sourcecode.c.h; path = TOViewController.h; sourceTree = "<group>"; };
		222B2A962450AA2C00E1A12D /* TOViewController.m */ = {isa = PBXFileReference; lastKnownFileType = sourcecode.c.objc; path = TOViewController.m; sourceTree = "<group>"; };
		222B2A9B2450AA2D00E1A12D /* Assets.xcassets */ = {isa = PBXFileReference; lastKnownFileType = folder.assetcatalog; path = Assets.xcassets; sourceTree = "<group>"; };
		222B2A9E2450AA2D00E1A12D /* Base */ = {isa = PBXFileReference; lastKnownFileType = file.storyboard; name = Base; path = Base.lproj/LaunchScreen.storyboard; sourceTree = "<group>"; };
		222B2AA02450AA2D00E1A12D /* Info.plist */ = {isa = PBXFileReference; lastKnownFileType = text.plist.xml; path = Info.plist; sourceTree = "<group>"; };
		222B2AA12450AA2D00E1A12D /* main.m */ = {isa = PBXFileReference; lastKnownFileType = sourcecode.c.objc; path = main.m; sourceTree = "<group>"; };
		223D358C2450B0B20059E498 /* TOCollectionViewCell.h */ = {isa = PBXFileReference; lastKnownFileType = sourcecode.c.h; path = TOCollectionViewCell.h; sourceTree = "<group>"; };
		223D358D2450B0B20059E498 /* TOCollectionViewCell.m */ = {isa = PBXFileReference; lastKnownFileType = sourcecode.c.objc; path = TOCollectionViewCell.m; sourceTree = "<group>"; };
		223D358E2450B0B20059E498 /* TOCollectionViewCell.xib */ = {isa = PBXFileReference; lastKnownFileType = file.xib; path = TOCollectionViewCell.xib; sourceTree = "<group>"; };
		223D35922451E4890059E498 /* UIColor+LegacySemanticColors.h */ = {isa = PBXFileReference; lastKnownFileType = sourcecode.c.h; path = "UIColor+LegacySemanticColors.h"; sourceTree = "<group>"; };
		223D35932451E4890059E498 /* UIColor+LegacySemanticColors.m */ = {isa = PBXFileReference; lastKnownFileType = sourcecode.c.objc; path = "UIColor+LegacySemanticColors.m"; sourceTree = "<group>"; };
		223D35952451FE070059E498 /* TOCollectionHeaderView.h */ = {isa = PBXFileReference; lastKnownFileType = sourcecode.c.h; path = TOCollectionHeaderView.h; sourceTree = "<group>"; };
		223D35962451FE070059E498 /* TOCollectionHeaderView.m */ = {isa = PBXFileReference; lastKnownFileType = sourcecode.c.objc; path = TOCollectionHeaderView.m; sourceTree = "<group>"; };
		223D35972451FE070059E498 /* TOCollectionHeaderView.xib */ = {isa = PBXFileReference; lastKnownFileType = file.xib; path = TOCollectionHeaderView.xib; sourceTree = "<group>"; };
		22509EE22452053600989363 /* Colors.plist */ = {isa = PBXFileReference; lastKnownFileType = text.plist.xml; path = Colors.plist; sourceTree = "<group>"; };
/* End PBXFileReference section */

/* Begin PBXFrameworksBuildPhase section */
		222B2A892450AA2C00E1A12D /* Frameworks */ = {
			isa = PBXFrameworksBuildPhase;
			buildActionMask = 2147483647;
			files = (
			);
			runOnlyForDeploymentPostprocessing = 0;
		};
/* End PBXFrameworksBuildPhase section */

/* Begin PBXGroup section */
		222B2A832450AA2C00E1A12D = {
			isa = PBXGroup;
			children = (
				223D35912451E4070059E498 /* UIColor-LegacySemanticColors */,
				222B2A8E2450AA2C00E1A12D /* LegacySemanticColors */,
				222B2A8D2450AA2C00E1A12D /* Products */,
			);
			sourceTree = "<group>";
		};
		222B2A8D2450AA2C00E1A12D /* Products */ = {
			isa = PBXGroup;
			children = (
				222B2A8C2450AA2C00E1A12D /* LegacySemanticColors.app */,
			);
			name = Products;
			sourceTree = "<group>";
		};
		222B2A8E2450AA2C00E1A12D /* LegacySemanticColors */ = {
			isa = PBXGroup;
			children = (
				222B2A8F2450AA2C00E1A12D /* TOAppDelegate.h */,
				222B2A902450AA2C00E1A12D /* TOAppDelegate.m */,
				222B2A952450AA2C00E1A12D /* TOViewController.h */,
				222B2A962450AA2C00E1A12D /* TOViewController.m */,
				223D358C2450B0B20059E498 /* TOCollectionViewCell.h */,
				223D358D2450B0B20059E498 /* TOCollectionViewCell.m */,
				223D358E2450B0B20059E498 /* TOCollectionViewCell.xib */,
				223D35952451FE070059E498 /* TOCollectionHeaderView.h */,
				223D35962451FE070059E498 /* TOCollectionHeaderView.m */,
				223D35972451FE070059E498 /* TOCollectionHeaderView.xib */,
				222B2A9B2450AA2D00E1A12D /* Assets.xcassets */,
				222B2A9D2450AA2D00E1A12D /* LaunchScreen.storyboard */,
				222B2AA02450AA2D00E1A12D /* Info.plist */,
				222B2AA12450AA2D00E1A12D /* main.m */,
				22509EE22452053600989363 /* Colors.plist */,
			);
			path = LegacySemanticColors;
			sourceTree = "<group>";
		};
		223D35912451E4070059E498 /* UIColor-LegacySemanticColors */ = {
			isa = PBXGroup;
			children = (
				223D35922451E4890059E498 /* UIColor+LegacySemanticColors.h */,
				223D35932451E4890059E498 /* UIColor+LegacySemanticColors.m */,
			);
			path = "UIColor-LegacySemanticColors";
			sourceTree = "<group>";
		};
/* End PBXGroup section */

/* Begin PBXNativeTarget section */
		222B2A8B2450AA2C00E1A12D /* LegacySemanticColors */ = {
			isa = PBXNativeTarget;
			buildConfigurationList = 222B2AA52450AA2D00E1A12D /* Build configuration list for PBXNativeTarget "LegacySemanticColors" */;
			buildPhases = (
				222B2A882450AA2C00E1A12D /* Sources */,
				222B2A892450AA2C00E1A12D /* Frameworks */,
				222B2A8A2450AA2C00E1A12D /* Resources */,
			);
			buildRules = (
			);
			dependencies = (
			);
			name = LegacySemanticColors;
			productName = LegacySemanticColors;
			productReference = 222B2A8C2450AA2C00E1A12D /* LegacySemanticColors.app */;
			productType = "com.apple.product-type.application";
		};
/* End PBXNativeTarget section */

/* Begin PBXProject section */
		222B2A842450AA2C00E1A12D /* Project object */ = {
			isa = PBXProject;
			attributes = {
				LastUpgradeCheck = 1140;
				ORGANIZATIONNAME = "Tim Oliver";
				TargetAttributes = {
					222B2A8B2450AA2C00E1A12D = {
						CreatedOnToolsVersion = 11.4;
					};
				};
			};
			buildConfigurationList = 222B2A872450AA2C00E1A12D /* Build configuration list for PBXProject "LegacySemanticColors" */;
			compatibilityVersion = "Xcode 9.3";
			developmentRegion = en;
			hasScannedForEncodings = 0;
			knownRegions = (
				en,
				Base,
			);
			mainGroup = 222B2A832450AA2C00E1A12D;
			productRefGroup = 222B2A8D2450AA2C00E1A12D /* Products */;
			projectDirPath = "";
			projectRoot = "";
			targets = (
				222B2A8B2450AA2C00E1A12D /* LegacySemanticColors */,
			);
		};
/* End PBXProject section */

/* Begin PBXResourcesBuildPhase section */
		222B2A8A2450AA2C00E1A12D /* Resources */ = {
			isa = PBXResourcesBuildPhase;
			buildActionMask = 2147483647;
			files = (
				222B2A9F2450AA2D00E1A12D /* LaunchScreen.storyboard in Resources */,
				223D35902450B0B20059E498 /* TOCollectionViewCell.xib in Resources */,
				22509EE32452053600989363 /* Colors.plist in Resources */,
				223D35992451FE070059E498 /* TOCollectionHeaderView.xib in Resources */,
				222B2A9C2450AA2D00E1A12D /* Assets.xcassets in Resources */,
			);
			runOnlyForDeploymentPostprocessing = 0;
		};
/* End PBXResourcesBuildPhase section */

/* Begin PBXSourcesBuildPhase section */
		222B2A882450AA2C00E1A12D /* Sources */ = {
			isa = PBXSourcesBuildPhase;
			buildActionMask = 2147483647;
			files = (
				222B2A972450AA2C00E1A12D /* TOViewController.m in Sources */,
				222B2A912450AA2C00E1A12D /* TOAppDelegate.m in Sources */,
				222B2AA22450AA2D00E1A12D /* main.m in Sources */,
				223D35942451E4890059E498 /* UIColor+LegacySemanticColors.m in Sources */,
				223D35982451FE070059E498 /* TOCollectionHeaderView.m in Sources */,
				223D358F2450B0B20059E498 /* TOCollectionViewCell.m in Sources */,
			);
			runOnlyForDeploymentPostprocessing = 0;
		};
/* End PBXSourcesBuildPhase section */

/* Begin PBXVariantGroup section */
		222B2A9D2450AA2D00E1A12D /* LaunchScreen.storyboard */ = {
			isa = PBXVariantGroup;
			children = (
				222B2A9E2450AA2D00E1A12D /* Base */,
			);
			name = LaunchScreen.storyboard;
			sourceTree = "<group>";
		};
/* End PBXVariantGroup section */

/* Begin XCBuildConfiguration section */
		222B2AA32450AA2D00E1A12D /* Debug */ = {
			isa = XCBuildConfiguration;
			buildSettings = {
				ALWAYS_SEARCH_USER_PATHS = NO;
				CLANG_ANALYZER_NONNULL = YES;
				CLANG_ANALYZER_NUMBER_OBJECT_CONVERSION = YES_AGGRESSIVE;
				CLANG_CXX_LANGUAGE_STANDARD = "gnu++14";
				CLANG_CXX_LIBRARY = "libc++";
				CLANG_ENABLE_MODULES = YES;
				CLANG_ENABLE_OBJC_ARC = YES;
				CLANG_ENABLE_OBJC_WEAK = YES;
				CLANG_WARN_BLOCK_CAPTURE_AUTORELEASING = YES;
				CLANG_WARN_BOOL_CONVERSION = YES;
				CLANG_WARN_COMMA = YES;
				CLANG_WARN_CONSTANT_CONVERSION = YES;
				CLANG_WARN_DEPRECATED_OBJC_IMPLEMENTATIONS = YES;
				CLANG_WARN_DIRECT_OBJC_ISA_USAGE = YES_ERROR;
				CLANG_WARN_DOCUMENTATION_COMMENTS = YES;
				CLANG_WARN_EMPTY_BODY = YES;
				CLANG_WARN_ENUM_CONVERSION = YES;
				CLANG_WARN_INFINITE_RECURSION = YES;
				CLANG_WARN_INT_CONVERSION = YES;
				CLANG_WARN_NON_LITERAL_NULL_CONVERSION = YES;
				CLANG_WARN_OBJC_IMPLICIT_RETAIN_SELF = YES;
				CLANG_WARN_OBJC_LITERAL_CONVERSION = YES;
				CLANG_WARN_OBJC_ROOT_CLASS = YES_ERROR;
				CLANG_WARN_RANGE_LOOP_ANALYSIS = YES;
				CLANG_WARN_STRICT_PROTOTYPES = YES;
				CLANG_WARN_SUSPICIOUS_MOVE = YES;
				CLANG_WARN_UNGUARDED_AVAILABILITY = YES_AGGRESSIVE;
				CLANG_WARN_UNREACHABLE_CODE = YES;
				CLANG_WARN__DUPLICATE_METHOD_MATCH = YES;
				COPY_PHASE_STRIP = NO;
				DEBUG_INFORMATION_FORMAT = dwarf;
				ENABLE_STRICT_OBJC_MSGSEND = YES;
				ENABLE_TESTABILITY = YES;
				GCC_C_LANGUAGE_STANDARD = gnu11;
				GCC_DYNAMIC_NO_PIC = NO;
				GCC_NO_COMMON_BLOCKS = YES;
				GCC_OPTIMIZATION_LEVEL = 0;
				GCC_PREPROCESSOR_DEFINITIONS = (
					"DEBUG=1",
					"$(inherited)",
				);
				GCC_WARN_64_TO_32_BIT_CONVERSION = YES;
				GCC_WARN_ABOUT_RETURN_TYPE = YES_ERROR;
				GCC_WARN_UNDECLARED_SELECTOR = YES;
				GCC_WARN_UNINITIALIZED_AUTOS = YES_AGGRESSIVE;
				GCC_WARN_UNUSED_FUNCTION = YES;
				GCC_WARN_UNUSED_VARIABLE = YES;
				IPHONEOS_DEPLOYMENT_TARGET = 13.4;
				MTL_ENABLE_DEBUG_INFO = INCLUDE_SOURCE;
				MTL_FAST_MATH = YES;
				ONLY_ACTIVE_ARCH = YES;
				SDKROOT = iphoneos;
			};
			name = Debug;
		};
		222B2AA42450AA2D00E1A12D /* Release */ = {
			isa = XCBuildConfiguration;
			buildSettings = {
				ALWAYS_SEARCH_USER_PATHS = NO;
				CLANG_ANALYZER_NONNULL = YES;
				CLANG_ANALYZER_NUMBER_OBJECT_CONVERSION = YES_AGGRESSIVE;
				CLANG_CXX_LANGUAGE_STANDARD = "gnu++14";
				CLANG_CXX_LIBRARY = "libc++";
				CLANG_ENABLE_MODULES = YES;
				CLANG_ENABLE_OBJC_ARC = YES;
				CLANG_ENABLE_OBJC_WEAK = YES;
				CLANG_WARN_BLOCK_CAPTURE_AUTORELEASING = YES;
				CLANG_WARN_BOOL_CONVERSION = YES;
				CLANG_WARN_COMMA = YES;
				CLANG_WARN_CONSTANT_CONVERSION = YES;
				CLANG_WARN_DEPRECATED_OBJC_IMPLEMENTATIONS = YES;
				CLANG_WARN_DIRECT_OBJC_ISA_USAGE = YES_ERROR;
				CLANG_WARN_DOCUMENTATION_COMMENTS = YES;
				CLANG_WARN_EMPTY_BODY = YES;
				CLANG_WARN_ENUM_CONVERSION = YES;
				CLANG_WARN_INFINITE_RECURSION = YES;
				CLANG_WARN_INT_CONVERSION = YES;
				CLANG_WARN_NON_LITERAL_NULL_CONVERSION = YES;
				CLANG_WARN_OBJC_IMPLICIT_RETAIN_SELF = YES;
				CLANG_WARN_OBJC_LITERAL_CONVERSION = YES;
				CLANG_WARN_OBJC_ROOT_CLASS = YES_ERROR;
				CLANG_WARN_RANGE_LOOP_ANALYSIS = YES;
				CLANG_WARN_STRICT_PROTOTYPES = YES;
				CLANG_WARN_SUSPICIOUS_MOVE = YES;
				CLANG_WARN_UNGUARDED_AVAILABILITY = YES_AGGRESSIVE;
				CLANG_WARN_UNREACHABLE_CODE = YES;
				CLANG_WARN__DUPLICATE_METHOD_MATCH = YES;
				COPY_PHASE_STRIP = NO;
				DEBUG_INFORMATION_FORMAT = "dwarf-with-dsym";
				ENABLE_NS_ASSERTIONS = NO;
				ENABLE_STRICT_OBJC_MSGSEND = YES;
				GCC_C_LANGUAGE_STANDARD = gnu11;
				GCC_NO_COMMON_BLOCKS = YES;
				GCC_WARN_64_TO_32_BIT_CONVERSION = YES;
				GCC_WARN_ABOUT_RETURN_TYPE = YES_ERROR;
				GCC_WARN_UNDECLARED_SELECTOR = YES;
				GCC_WARN_UNINITIALIZED_AUTOS = YES_AGGRESSIVE;
				GCC_WARN_UNUSED_FUNCTION = YES;
				GCC_WARN_UNUSED_VARIABLE = YES;
				IPHONEOS_DEPLOYMENT_TARGET = 13.4;
				MTL_ENABLE_DEBUG_INFO = NO;
				MTL_FAST_MATH = YES;
				SDKROOT = iphoneos;
				VALIDATE_PRODUCT = YES;
			};
			name = Release;
		};
		222B2AA62450AA2D00E1A12D /* Debug */ = {
			isa = XCBuildConfiguration;
			buildSettings = {
				ASSETCATALOG_COMPILER_APPICON_NAME = AppIcon;
				CODE_SIGN_STYLE = Automatic;
				DEVELOPMENT_TEAM = 6LF3GMKZAB;
				INFOPLIST_FILE = LegacySemanticColors/Info.plist;
				IPHONEOS_DEPLOYMENT_TARGET = 12.0;
				LD_RUNPATH_SEARCH_PATHS = (
					"$(inherited)",
					"@executable_path/Frameworks",
				);
				PRODUCT_BUNDLE_IDENTIFIER = dev.tim.LegacySemanticColors;
				PRODUCT_NAME = "$(TARGET_NAME)";
				TARGETED_DEVICE_FAMILY = "1,2";
			};
			name = Debug;
		};
		222B2AA72450AA2D00E1A12D /* Release */ = {
			isa = XCBuildConfiguration;
			buildSettings = {
				ASSETCATALOG_COMPILER_APPICON_NAME = AppIcon;
				CODE_SIGN_STYLE = Automatic;
				DEVELOPMENT_TEAM = 6LF3GMKZAB;
				INFOPLIST_FILE = LegacySemanticColors/Info.plist;
				IPHONEOS_DEPLOYMENT_TARGET = 12.0;
				LD_RUNPATH_SEARCH_PATHS = (
					"$(inherited)",
					"@executable_path/Frameworks",
				);
				PRODUCT_BUNDLE_IDENTIFIER = dev.tim.LegacySemanticColors;
				PRODUCT_NAME = "$(TARGET_NAME)";
				TARGETED_DEVICE_FAMILY = "1,2";
			};
			name = Release;
		};
/* End XCBuildConfiguration section */

/* Begin XCConfigurationList section */
		222B2A872450AA2C00E1A12D /* Build configuration list for PBXProject "LegacySemanticColors" */ = {
			isa = XCConfigurationList;
			buildConfigurations = (
				222B2AA32450AA2D00E1A12D /* Debug */,
				222B2AA42450AA2D00E1A12D /* Release */,
			);
			defaultConfigurationIsVisible = 0;
			defaultConfigurationName = Release;
		};
		222B2AA52450AA2D00E1A12D /* Build configuration list for PBXNativeTarget "LegacySemanticColors" */ = {
			isa = XCConfigurationList;
			buildConfigurations = (
				222B2AA62450AA2D00E1A12D /* Debug */,
				222B2AA72450AA2D00E1A12D /* Release */,
			);
			defaultConfigurationIsVisible = 0;
			defaultConfigurationName = Release;
		};
/* End XCConfigurationList section */
	};
	rootObject = 222B2A842450AA2C00E1A12D /* Project object */;
}
